
Microsoft Visual Studio Solution File, Format Version 12.00
# Visual Studio Version 17
VisualStudioVersion = 17.10.35122.118
MinimumVisualStudioVersion = 10.0.40219.1
Project("{9A19103F-16F7-4668-BE54-9A1E7A4F7556}") = "HealthMed", "HealthMed\HealthMed.csproj", "{EA547CF2-60C5-4D23-9669-1F0849FBB570}"
EndProject
Project("{2150E333-8FDC-42A3-9474-1A3956D46DE8}") = "src", "src", "{79DE9041-EE86-42BD-9E29-44257FA07115}"
EndProject
Project("{2150E333-8FDC-42A3-9474-1A3956D46DE8}") = "Infrastructure", "Infrastructure", "{FADBA237-65C5-4D44-958B-A27F5EF42C12}"
EndProject
Project("{2150E333-8FDC-42A3-9474-1A3956D46DE8}") = "Domain", "Domain", "{66C52EF3-4EFF-4005-8E83-5EC921B2A0D2}"
EndProject
Project("{2150E333-8FDC-42A3-9474-1A3956D46DE8}") = "Application", "Application", "{DB45DD51-4832-437B-917E-8B9952A55FEF}"
EndProject
Project("{2150E333-8FDC-42A3-9474-1A3956D46DE8}") = "Api", "Api", "{C4F7D280-2029-4BB0-AC5F-61C74C6D3DA6}"
EndProject
Project("{9A19103F-16F7-4668-BE54-9A1E7A4F7556}") = "HealthMed.Infrastructure", "HealthMed.Infrastructure\HealthMed.Infrastructure.csproj", "{A6B18575-8BA7-4AA5-A68C-6FC090837663}"
EndProject
Project("{9A19103F-16F7-4668-BE54-9A1E7A4F7556}") = "HealthMed.Domain", "HealthMed.Domain\HealthMed.Domain.csproj", "{27BAD77C-71D7-4DE1-AF0F-5C730F722F09}"
EndProject
Project("{9A19103F-16F7-4668-BE54-9A1E7A4F7556}") = "HealthMed.Application", "HealthMed.Application\HealthMed.Application.csproj", "{3DBF9D49-2659-458C-8F8B-22736DCBF230}"
EndProject
Project("{2150E333-8FDC-42A3-9474-1A3956D46DE8}") = "Shared", "Shared", "{3A20E398-66ED-4445-97A8-9123680E57F6}"
EndProject
Project("{FAE04EC0-301F-11D3-BF4B-00C04F79EFBC}") = "HealthMed.Shared", "HealthMed.Shared\HealthMed.Shared.csproj", "{6F7B245F-D73B-4F50-B5A6-F4EAA23DC672}"
EndProject
Global
	GlobalSection(SolutionConfigurationPlatforms) = preSolution
		Debug|Any CPU = Debug|Any CPU
		Release|Any CPU = Release|Any CPU
	EndGlobalSection
	GlobalSection(ProjectConfigurationPlatforms) = postSolution
		{EA547CF2-60C5-4D23-9669-1F0849FBB570}.Debug|Any CPU.ActiveCfg = Debug|Any CPU
		{EA547CF2-60C5-4D23-9669-1F0849FBB570}.Debug|Any CPU.Build.0 = Debug|Any CPU
		{EA547CF2-60C5-4D23-9669-1F0849FBB570}.Release|Any CPU.ActiveCfg = Release|Any CPU
		{EA547CF2-60C5-4D23-9669-1F0849FBB570}.Release|Any CPU.Build.0 = Release|Any CPU
		{A6B18575-8BA7-4AA5-A68C-6FC090837663}.Debug|Any CPU.ActiveCfg = Debug|Any CPU
		{A6B18575-8BA7-4AA5-A68C-6FC090837663}.Debug|Any CPU.Build.0 = Debug|Any CPU
		{A6B18575-8BA7-4AA5-A68C-6FC090837663}.Release|Any CPU.ActiveCfg = Release|Any CPU
		{A6B18575-8BA7-4AA5-A68C-6FC090837663}.Release|Any CPU.Build.0 = Release|Any CPU
		{27BAD77C-71D7-4DE1-AF0F-5C730F722F09}.Debug|Any CPU.ActiveCfg = Debug|Any CPU
		{27BAD77C-71D7-4DE1-AF0F-5C730F722F09}.Debug|Any CPU.Build.0 = Debug|Any CPU
		{27BAD77C-71D7-4DE1-AF0F-5C730F722F09}.Release|Any CPU.ActiveCfg = Release|Any CPU
		{27BAD77C-71D7-4DE1-AF0F-5C730F722F09}.Release|Any CPU.Build.0 = Release|Any CPU
		{3DBF9D49-2659-458C-8F8B-22736DCBF230}.Debug|Any CPU.ActiveCfg = Debug|Any CPU
		{3DBF9D49-2659-458C-8F8B-22736DCBF230}.Debug|Any CPU.Build.0 = Debug|Any CPU
		{3DBF9D49-2659-458C-8F8B-22736DCBF230}.Release|Any CPU.ActiveCfg = Release|Any CPU
		{3DBF9D49-2659-458C-8F8B-22736DCBF230}.Release|Any CPU.Build.0 = Release|Any CPU
		{6F7B245F-D73B-4F50-B5A6-F4EAA23DC672}.Debug|Any CPU.ActiveCfg = Debug|Any CPU
		{6F7B245F-D73B-4F50-B5A6-F4EAA23DC672}.Debug|Any CPU.Build.0 = Debug|Any CPU
		{6F7B245F-D73B-4F50-B5A6-F4EAA23DC672}.Release|Any CPU.ActiveCfg = Release|Any CPU
		{6F7B245F-D73B-4F50-B5A6-F4EAA23DC672}.Release|Any CPU.Build.0 = Release|Any CPU
	EndGlobalSection
	GlobalSection(SolutionProperties) = preSolution
		HideSolutionNode = FALSE
	EndGlobalSection
	GlobalSection(NestedProjects) = preSolution
		{EA547CF2-60C5-4D23-9669-1F0849FBB570} = {C4F7D280-2029-4BB0-AC5F-61C74C6D3DA6}
		{FADBA237-65C5-4D44-958B-A27F5EF42C12} = {79DE9041-EE86-42BD-9E29-44257FA07115}
		{66C52EF3-4EFF-4005-8E83-5EC921B2A0D2} = {79DE9041-EE86-42BD-9E29-44257FA07115}
		{DB45DD51-4832-437B-917E-8B9952A55FEF} = {79DE9041-EE86-42BD-9E29-44257FA07115}
		{C4F7D280-2029-4BB0-AC5F-61C74C6D3DA6} = {79DE9041-EE86-42BD-9E29-44257FA07115}
		{A6B18575-8BA7-4AA5-A68C-6FC090837663} = {FADBA237-65C5-4D44-958B-A27F5EF42C12}
		{27BAD77C-71D7-4DE1-AF0F-5C730F722F09} = {66C52EF3-4EFF-4005-8E83-5EC921B2A0D2}
		{3DBF9D49-2659-458C-8F8B-22736DCBF230} = {DB45DD51-4832-437B-917E-8B9952A55FEF}
		{3A20E398-66ED-4445-97A8-9123680E57F6} = {79DE9041-EE86-42BD-9E29-44257FA07115}
		{6F7B245F-D73B-4F50-B5A6-F4EAA23DC672} = {3A20E398-66ED-4445-97A8-9123680E57F6}
	EndGlobalSection
	GlobalSection(ExtensibilityGlobals) = postSolution
		SolutionGuid = {CE9C997A-317F-4A9A-972E-695771919010}
	EndGlobalSection
EndGlobal
